
Microsoft Visual Studio Solution File, Format Version 12.00
# Visual Studio Version 16
VisualStudioVersion = 16.0.31112.23
MinimumVisualStudioVersion = 10.0.40219.1
Project("{FAE04EC0-301F-11D3-BF4B-00C04F79EFBC}") = "CalculatorApp", "..\CalculatorApp\CalculatorApp.csproj", "{8D380802-A87E-4AE1-97DA-67376051AB61}"
EndProject
Project("{FAE04EC0-301F-11D3-BF4B-00C04F79EFBC}") = "FileReaderApp", "FileReaderApp\FileReaderApp.csproj", "{425565DC-F8BA-4C84-BE0C-9E9021AB469E}"
EndProject
Global
	GlobalSection(SolutionConfigurationPlatforms) = preSolution
		Debug|Any CPU = Debug|Any CPU
		Release|Any CPU = Release|Any CPU
	EndGlobalSection
	GlobalSection(ProjectConfigurationPlatforms) = postSolution
		{8D380802-A87E-4AE1-97DA-67376051AB61}.Debug|Any CPU.ActiveCfg = Debug|Any CPU
		{8D380802-A87E-4AE1-97DA-67376051AB61}.Debug|Any CPU.Build.0 = Debug|Any CPU
		{8D380802-A87E-4AE1-97DA-67376051AB61}.Release|Any CPU.ActiveCfg = Release|Any CPU
		{8D380802-A87E-4AE1-97DA-67376051AB61}.Release|Any CPU.Build.0 = Release|Any CPU
		{425565DC-F8BA-4C84-BE0C-9E9021AB469E}.Debug|Any CPU.ActiveCfg = Debug|Any CPU
		{425565DC-F8BA-4C84-BE0C-9E9021AB469E}.Debug|Any CPU.Build.0 = Debug|Any CPU
		{425565DC-F8BA-4C84-BE0C-9E9021AB469E}.Release|Any CPU.ActiveCfg = Release|Any CPU
		{425565DC-F8BA-4C84-BE0C-9E9021AB469E}.Release|Any CPU.Build.0 = Release|Any CPU
	EndGlobalSection
	GlobalSection(SolutionProperties) = preSolution
		HideSolutionNode = FALSE
	EndGlobalSection
	GlobalSection(ExtensibilityGlobals) = postSolution
		SolutionGuid = {2A487F13-00EE-430F-B80E-2BFF87948CA1}
	EndGlobalSection
EndGlobal
